
Microsoft Visual Studio Solution File, Format Version 12.00
# Visual Studio Version 16
VisualStudioVersion = 16.0.31410.357
MinimumVisualStudioVersion = 10.0.40219.1
Project("{FAE04EC0-301F-11D3-BF4B-00C04F79EFBC}") = "VsIconizer.Core", "VsIconizer.Core\VsIconizer.Core.csproj", "{8318E1B4-77C1-48A2-957C-5205BADE0AD4}"
EndProject
Project("{FAE04EC0-301F-11D3-BF4B-00C04F79EFBC}") = "VSIconizer", "VSIconizer\VSIconizer.csproj", "{171A544F-CAD4-46FF-8966-F28800CCA821}"
EndProject
Project("{2150E333-8FDC-42A3-9474-1A3956D46DE8}") = "Solution Items", "Solution Items", "{B0B6A56B-5852-4B70-8B0E-8F8D75EC795D}"
	ProjectSection(SolutionItems) = preProject
		.editorconfig = .editorconfig
	EndProjectSection
EndProject
Global
	GlobalSection(SolutionConfigurationPlatforms) = preSolution
		Debug|Any CPU = Debug|Any CPU
		Release|Any CPU = Release|Any CPU
	EndGlobalSection
	GlobalSection(ProjectConfigurationPlatforms) = postSolution
		{8318E1B4-77C1-48A2-957C-5205BADE0AD4}.Debug|Any CPU.ActiveCfg = Debug|Any CPU
		{8318E1B4-77C1-48A2-957C-5205BADE0AD4}.Debug|Any CPU.Build.0 = Debug|Any CPU
		{8318E1B4-77C1-48A2-957C-5205BADE0AD4}.Release|Any CPU.ActiveCfg = Release|Any CPU
		{8318E1B4-77C1-48A2-957C-5205BADE0AD4}.Release|Any CPU.Build.0 = Release|Any CPU
		{171A544F-CAD4-46FF-8966-F28800CCA821}.Debug|Any CPU.ActiveCfg = Debug|Any CPU
		{171A544F-CAD4-46FF-8966-F28800CCA821}.Debug|Any CPU.Build.0 = Debug|Any CPU
		{171A544F-CAD4-46FF-8966-F28800CCA821}.Release|Any CPU.ActiveCfg = Release|Any CPU
		{171A544F-CAD4-46FF-8966-F28800CCA821}.Release|Any CPU.Build.0 = Release|Any CPU
	EndGlobalSection
	GlobalSection(SolutionProperties) = preSolution
		HideSolutionNode = FALSE
	EndGlobalSection
	GlobalSection(ExtensibilityGlobals) = postSolution
		SolutionGuid = {0397EA0F-9018-4A08-A839-B40F8773E64E}
	EndGlobalSection
EndGlobal
